// !$*UTF8*$!
{
	archiveVersion = 1;
	classes = {
	};
	objectVersion = 46;
	objects = {

/* Begin PBXBuildFile section */
		33E05D10236D27EC00AEB09C /* viewcontroller.swift in Sources */ = {isa = PBXBuildFile; fileRef = 33E05D0F236D27EC00AEB09C /* viewcontroller.swift */; };
		33E2C98C23750762000FF6E2 /* VC_DownManager.swift in Sources */ = {isa = PBXBuildFile; fileRef = 33E2C98B23750762000FF6E2 /* VC_DownManager.swift */; };
		33E2C98E23750840000FF6E2 /* Cell_DownloadManager.swift in Sources */ = {isa = PBXBuildFile; fileRef = 33E2C98D23750840000FF6E2 /* Cell_DownloadManager.swift */; };
		33E2C990237A45CF000FF6E2 /* Common.swift in Sources */ = {isa = PBXBuildFile; fileRef = 33E2C98F237A45CF000FF6E2 /* Common.swift */; };
		33E2C992237A5ABE000FF6E2 /* MyDate.swift in Sources */ = {isa = PBXBuildFile; fileRef = 33E2C991237A5ABE000FF6E2 /* MyDate.swift */; };
		33E2C996237A5D9B000FF6E2 /* DownloadDB.swift in Sources */ = {isa = PBXBuildFile; fileRef = 33E2C995237A5D9B000FF6E2 /* DownloadDB.swift */; };
		33E2C998237A5EE6000FF6E2 /* DownloadBean.swift in Sources */ = {isa = PBXBuildFile; fileRef = 33E2C997237A5EE6000FF6E2 /* DownloadBean.swift */; };
		33F958E8237412380060C111 /* DownloadManager.swift in Sources */ = {isa = PBXBuildFile; fileRef = 33F958E7237412380060C111 /* DownloadManager.swift */; };
		33F958EA237412650060C111 /* DownloadModel.swift in Sources */ = {isa = PBXBuildFile; fileRef = 33F958E9237412650060C111 /* DownloadModel.swift */; };
		33F958EC237413CD0060C111 /* VideoCrop.swift in Sources */ = {isa = PBXBuildFile; fileRef = 33F958EB237413CD0060C111 /* VideoCrop.swift */; };
		33F958EE2374141A0060C111 /* DownloadStatus.swift in Sources */ = {isa = PBXBuildFile; fileRef = 33F958ED2374141A0060C111 /* DownloadStatus.swift */; };
		69761BB91F6A7A35006A4F9E /* main.m in Sources */ = {isa = PBXBuildFile; fileRef = 69761BB81F6A7A35006A4F9E /* main.m */; };
		69761BBC1F6A7A35006A4F9E /* AppDelegate.m in Sources */ = {isa = PBXBuildFile; fileRef = 69761BBB1F6A7A35006A4F9E /* AppDelegate.m */; };
		69761BC21F6A7A35006A4F9E /* Main.storyboard in Resources */ = {isa = PBXBuildFile; fileRef = 69761BC01F6A7A35006A4F9E /* Main.storyboard */; };
		69761BC41F6A7A35006A4F9E /* Assets.xcassets in Resources */ = {isa = PBXBuildFile; fileRef = 69761BC31F6A7A35006A4F9E /* Assets.xcassets */; };
		69761BC71F6A7A35006A4F9E /* LaunchScreen.storyboard in Resources */ = {isa = PBXBuildFile; fileRef = 69761BC51F6A7A35006A4F9E /* LaunchScreen.storyboard */; };
/* End PBXBuildFile section */

/* Begin PBXFileReference section */
		33E05D0E236D27EB00AEB09C /* ZXDownLoadDemo-Bridging-Header.h */ = {isa = PBXFileReference; lastKnownFileType = sourcecode.c.h; path = "ZXDownLoadDemo-Bridging-Header.h"; sourceTree = "<group>"; };
		33E05D0F236D27EC00AEB09C /* viewcontroller.swift */ = {isa = PBXFileReference; lastKnownFileType = sourcecode.swift; path = viewcontroller.swift; sourceTree = "<group>"; };
		33E2C98B23750762000FF6E2 /* VC_DownManager.swift */ = {isa = PBXFileReference; lastKnownFileType = sourcecode.swift; path = VC_DownManager.swift; sourceTree = "<group>"; };
		33E2C98D23750840000FF6E2 /* Cell_DownloadManager.swift */ = {isa = PBXFileReference; lastKnownFileType = sourcecode.swift; path = Cell_DownloadManager.swift; sourceTree = "<group>"; };
		33E2C98F237A45CF000FF6E2 /* Common.swift */ = {isa = PBXFileReference; lastKnownFileType = sourcecode.swift; path = Common.swift; sourceTree = "<group>"; };
		33E2C991237A5ABE000FF6E2 /* MyDate.swift */ = {isa = PBXFileReference; lastKnownFileType = sourcecode.swift; path = MyDate.swift; sourceTree = "<group>"; };
		33E2C995237A5D9B000FF6E2 /* DownloadDB.swift */ = {isa = PBXFileReference; lastKnownFileType = sourcecode.swift; path = DownloadDB.swift; sourceTree = "<group>"; };
		33E2C997237A5EE6000FF6E2 /* DownloadBean.swift */ = {isa = PBXFileReference; lastKnownFileType = sourcecode.swift; path = DownloadBean.swift; sourceTree = "<group>"; };
		33F958C72373B8600060C111 /* NetworkExtension.framework */ = {isa = PBXFileReference; lastKnownFileType = wrapper.framework; name = NetworkExtension.framework; path = System/Library/Frameworks/NetworkExtension.framework; sourceTree = SDKROOT; };
		33F958C92373B8690060C111 /* AudioToolbox.framework */ = {isa = PBXFileReference; lastKnownFileType = wrapper.framework; name = AudioToolbox.framework; path = System/Library/Frameworks/AudioToolbox.framework; sourceTree = SDKROOT; };
		33F958CB2373B86E0060C111 /* AVFoundation.framework */ = {isa = PBXFileReference; lastKnownFileType = wrapper.framework; name = AVFoundation.framework; path = System/Library/Frameworks/AVFoundation.framework; sourceTree = SDKROOT; };
		33F958CD2373B8760060C111 /* CoreGraphics.framework */ = {isa = PBXFileReference; lastKnownFileType = wrapper.framework; name = CoreGraphics.framework; path = System/Library/Frameworks/CoreGraphics.framework; sourceTree = SDKROOT; };
		33F958CF2373B87C0060C111 /* CoreMedia.framework */ = {isa = PBXFileReference; lastKnownFileType = wrapper.framework; name = CoreMedia.framework; path = System/Library/Frameworks/CoreMedia.framework; sourceTree = SDKROOT; };
		33F958D12373B8850060C111 /* CoreVideo.framework */ = {isa = PBXFileReference; lastKnownFileType = wrapper.framework; name = CoreVideo.framework; path = System/Library/Frameworks/CoreVideo.framework; sourceTree = SDKROOT; };
		33F958D32373B88C0060C111 /* MediaPlayer.framework */ = {isa = PBXFileReference; lastKnownFileType = wrapper.framework; name = MediaPlayer.framework; path = System/Library/Frameworks/MediaPlayer.framework; sourceTree = SDKROOT; };
		33F958D52373B8940060C111 /* MobileCoreServices.framework */ = {isa = PBXFileReference; lastKnownFileType = wrapper.framework; name = MobileCoreServices.framework; path = System/Library/Frameworks/MobileCoreServices.framework; sourceTree = SDKROOT; };
		33F958D72373B89F0060C111 /* OpenGLES.framework */ = {isa = PBXFileReference; lastKnownFileType = wrapper.framework; name = OpenGLES.framework; path = System/Library/Frameworks/OpenGLES.framework; sourceTree = SDKROOT; };
		33F958D92373B8A70060C111 /* VideoToolbox.framework */ = {isa = PBXFileReference; lastKnownFileType = wrapper.framework; name = VideoToolbox.framework; path = System/Library/Frameworks/VideoToolbox.framework; sourceTree = SDKROOT; };
		33F958DB2373B8AD0060C111 /* QuartzCore.framework */ = {isa = PBXFileReference; lastKnownFileType = wrapper.framework; name = QuartzCore.framework; path = System/Library/Frameworks/QuartzCore.framework; sourceTree = SDKROOT; };
		33F958DD2373B8B50060C111 /* libbz2.tbd */ = {isa = PBXFileReference; lastKnownFileType = "sourcecode.text-based-dylib-definition"; name = libbz2.tbd; path = usr/lib/libbz2.tbd; sourceTree = SDKROOT; };
		33F958DF2373B8BA0060C111 /* libz.tbd */ = {isa = PBXFileReference; lastKnownFileType = "sourcecode.text-based-dylib-definition"; name = libz.tbd; path = usr/lib/libz.tbd; sourceTree = SDKROOT; };
		33F958E7237412380060C111 /* DownloadManager.swift */ = {isa = PBXFileReference; lastKnownFileType = sourcecode.swift; path = DownloadManager.swift; sourceTree = "<group>"; };
		33F958E9237412650060C111 /* DownloadModel.swift */ = {isa = PBXFileReference; lastKnownFileType = sourcecode.swift; path = DownloadModel.swift; sourceTree = "<group>"; };
		33F958EB237413CD0060C111 /* VideoCrop.swift */ = {isa = PBXFileReference; lastKnownFileType = sourcecode.swift; path = VideoCrop.swift; sourceTree = "<group>"; };
		33F958ED2374141A0060C111 /* DownloadStatus.swift */ = {isa = PBXFileReference; lastKnownFileType = sourcecode.swift; path = DownloadStatus.swift; sourceTree = "<group>"; };
		69761BB41F6A7A35006A4F9E /* ZXDownLoadDemo.app */ = {isa = PBXFileReference; explicitFileType = wrapper.application; includeInIndex = 0; path = ZXDownLoadDemo.app; sourceTree = BUILT_PRODUCTS_DIR; };
		69761BB81F6A7A35006A4F9E /* main.m */ = {isa = PBXFileReference; lastKnownFileType = sourcecode.c.objc; path = main.m; sourceTree = "<group>"; };
		69761BBA1F6A7A35006A4F9E /* AppDelegate.h */ = {isa = PBXFileReference; lastKnownFileType = sourcecode.c.h; path = AppDelegate.h; sourceTree = "<group>"; };
		69761BBB1F6A7A35006A4F9E /* AppDelegate.m */ = {isa = PBXFileReference; lastKnownFileType = sourcecode.c.objc; path = AppDelegate.m; sourceTree = "<group>"; };
		69761BC11F6A7A35006A4F9E /* Base */ = {isa = PBXFileReference; lastKnownFileType = file.storyboard; name = Base; path = Base.lproj/Main.storyboard; sourceTree = "<group>"; };
		69761BC31F6A7A35006A4F9E /* Assets.xcassets */ = {isa = PBXFileReference; lastKnownFileType = folder.assetcatalog; path = Assets.xcassets; sourceTree = "<group>"; };
		69761BC61F6A7A35006A4F9E /* Base */ = {isa = PBXFileReference; lastKnownFileType = file.storyboard; name = Base; path = Base.lproj/LaunchScreen.storyboard; sourceTree = "<group>"; };
		69761BC81F6A7A35006A4F9E /* Info.plist */ = {isa = PBXFileReference; lastKnownFileType = text.plist.xml; path = Info.plist; sourceTree = "<group>"; };
/* End PBXFileReference section */

/* Begin PBXFrameworksBuildPhase section */
		69761BB11F6A7A35006A4F9E /* Frameworks */ = {
			isa = PBXFrameworksBuildPhase;
			buildActionMask = 2147483647;
			files = (
			);
			runOnlyForDeploymentPostprocessing = 0;
		};
/* End PBXFrameworksBuildPhase section */

/* Begin PBXGroup section */
		33F958C62373B85F0060C111 /* Frameworks */ = {
			isa = PBXGroup;
			children = (
				33F958DF2373B8BA0060C111 /* libz.tbd */,
				33F958DD2373B8B50060C111 /* libbz2.tbd */,
				33F958DB2373B8AD0060C111 /* QuartzCore.framework */,
				33F958D92373B8A70060C111 /* VideoToolbox.framework */,
				33F958D72373B89F0060C111 /* OpenGLES.framework */,
				33F958D52373B8940060C111 /* MobileCoreServices.framework */,
				33F958D32373B88C0060C111 /* MediaPlayer.framework */,
				33F958D12373B8850060C111 /* CoreVideo.framework */,
				33F958CF2373B87C0060C111 /* CoreMedia.framework */,
				33F958CD2373B8760060C111 /* CoreGraphics.framework */,
				33F958CB2373B86E0060C111 /* AVFoundation.framework */,
				33F958C92373B8690060C111 /* AudioToolbox.framework */,
				33F958C72373B8600060C111 /* NetworkExtension.framework */,
			);
			name = Frameworks;
			sourceTree = "<group>";
		};
		69761BAB1F6A7A35006A4F9E = {
			isa = PBXGroup;
			children = (
				69761BB61F6A7A35006A4F9E /* ZXDownLoadDemo */,
				69761BB51F6A7A35006A4F9E /* Products */,
				33F958C62373B85F0060C111 /* Frameworks */,
			);
			sourceTree = "<group>";
		};
		69761BB51F6A7A35006A4F9E /* Products */ = {
			isa = PBXGroup;
			children = (
				69761BB41F6A7A35006A4F9E /* ZXDownLoadDemo.app */,
			);
			name = Products;
			sourceTree = "<group>";
		};
		69761BB61F6A7A35006A4F9E /* ZXDownLoadDemo */ = {
			isa = PBXGroup;
			children = (
				69761BCE1F6A7A92006A4F9E /* ZXDownLoadLib */,
				69761BBA1F6A7A35006A4F9E /* AppDelegate.h */,
				69761BBB1F6A7A35006A4F9E /* AppDelegate.m */,
				33E2C997237A5EE6000FF6E2 /* DownloadBean.swift */,
				33E2C995237A5D9B000FF6E2 /* DownloadDB.swift */,
				33E2C991237A5ABE000FF6E2 /* MyDate.swift */,
				33E2C98B23750762000FF6E2 /* VC_DownManager.swift */,
				33E2C98D23750840000FF6E2 /* Cell_DownloadManager.swift */,
				33E05D0F236D27EC00AEB09C /* viewcontroller.swift */,
				69761BC01F6A7A35006A4F9E /* Main.storyboard */,
				69761BC31F6A7A35006A4F9E /* Assets.xcassets */,
				69761BC51F6A7A35006A4F9E /* LaunchScreen.storyboard */,
				69761BC81F6A7A35006A4F9E /* Info.plist */,
				69761BB71F6A7A35006A4F9E /* Supporting Files */,
				33E05D0E236D27EB00AEB09C /* ZXDownLoadDemo-Bridging-Header.h */,
				33E2C98F237A45CF000FF6E2 /* Common.swift */,
			);
			path = ZXDownLoadDemo;
			sourceTree = "<group>";
		};
		69761BB71F6A7A35006A4F9E /* Supporting Files */ = {
			isa = PBXGroup;
			children = (
				69761BB81F6A7A35006A4F9E /* main.m */,
			);
			name = "Supporting Files";
			sourceTree = "<group>";
		};
		69761BCE1F6A7A92006A4F9E /* ZXDownLoadLib */ = {
			isa = PBXGroup;
			children = (
				33F958E7237412380060C111 /* DownloadManager.swift */,
				33F958E9237412650060C111 /* DownloadModel.swift */,
				33F958EB237413CD0060C111 /* VideoCrop.swift */,
				33F958ED2374141A0060C111 /* DownloadStatus.swift */,
			);
			path = ZXDownLoadLib;
			sourceTree = "<group>";
		};
/* End PBXGroup section */

/* Begin PBXNativeTarget section */
		69761BB31F6A7A35006A4F9E /* ZXDownLoadDemo */ = {
			isa = PBXNativeTarget;
			buildConfigurationList = 69761BCB1F6A7A35006A4F9E /* Build configuration list for PBXNativeTarget "ZXDownLoadDemo" */;
			buildPhases = (
				69761BB01F6A7A35006A4F9E /* Sources */,
				69761BB11F6A7A35006A4F9E /* Frameworks */,
				69761BB21F6A7A35006A4F9E /* Resources */,
			);
			buildRules = (
			);
			dependencies = (
			);
			name = ZXDownLoadDemo;
			productName = ZXDownLoadDemo;
			productReference = 69761BB41F6A7A35006A4F9E /* ZXDownLoadDemo.app */;
			productType = "com.apple.product-type.application";
		};
/* End PBXNativeTarget section */

/* Begin PBXProject section */
		69761BAC1F6A7A35006A4F9E /* Project object */ = {
			isa = PBXProject;
			attributes = {
				LastUpgradeCheck = 0830;
				ORGANIZATIONNAME = apple;
				TargetAttributes = {
					69761BB31F6A7A35006A4F9E = {
						CreatedOnToolsVersion = 8.3.3;
						DevelopmentTeam = HUWM54S6A3;
						LastSwiftMigration = 1110;
						ProvisioningStyle = Automatic;
					};
				};
			};
			buildConfigurationList = 69761BAF1F6A7A35006A4F9E /* Build configuration list for PBXProject "ZXDownLoadDemo" */;
			compatibilityVersion = "Xcode 3.2";
			developmentRegion = English;
			hasScannedForEncodings = 0;
			knownRegions = (
				English,
				en,
				Base,
			);
			mainGroup = 69761BAB1F6A7A35006A4F9E;
			productRefGroup = 69761BB51F6A7A35006A4F9E /* Products */;
			projectDirPath = "";
			projectRoot = "";
			targets = (
				69761BB31F6A7A35006A4F9E /* ZXDownLoadDemo */,
			);
		};
/* End PBXProject section */

/* Begin PBXResourcesBuildPhase section */
		69761BB21F6A7A35006A4F9E /* Resources */ = {
			isa = PBXResourcesBuildPhase;
			buildActionMask = 2147483647;
			files = (
				69761BC71F6A7A35006A4F9E /* LaunchScreen.storyboard in Resources */,
				69761BC41F6A7A35006A4F9E /* Assets.xcassets in Resources */,
				69761BC21F6A7A35006A4F9E /* Main.storyboard in Resources */,
			);
			runOnlyForDeploymentPostprocessing = 0;
		};
/* End PBXResourcesBuildPhase section */

/* Begin PBXSourcesBuildPhase section */
		69761BB01F6A7A35006A4F9E /* Sources */ = {
			isa = PBXSourcesBuildPhase;
			buildActionMask = 2147483647;
			files = (
				33F958EA237412650060C111 /* DownloadModel.swift in Sources */,
				33E2C98C23750762000FF6E2 /* VC_DownManager.swift in Sources */,
				33F958EC237413CD0060C111 /* VideoCrop.swift in Sources */,
				33E2C990237A45CF000FF6E2 /* Common.swift in Sources */,
				33E2C992237A5ABE000FF6E2 /* MyDate.swift in Sources */,
				33F958E8237412380060C111 /* DownloadManager.swift in Sources */,
				33E2C98E23750840000FF6E2 /* Cell_DownloadManager.swift in Sources */,
				33E05D10236D27EC00AEB09C /* viewcontroller.swift in Sources */,
				69761BBC1F6A7A35006A4F9E /* AppDelegate.m in Sources */,
				69761BB91F6A7A35006A4F9E /* main.m in Sources */,
				33E2C998237A5EE6000FF6E2 /* DownloadBean.swift in Sources */,
				33F958EE2374141A0060C111 /* DownloadStatus.swift in Sources */,
				33E2C996237A5D9B000FF6E2 /* DownloadDB.swift in Sources */,
			);
			runOnlyForDeploymentPostprocessing = 0;
		};
/* End PBXSourcesBuildPhase section */

/* Begin PBXVariantGroup section */
		69761BC01F6A7A35006A4F9E /* Main.storyboard */ = {
			isa = PBXVariantGroup;
			children = (
				69761BC11F6A7A35006A4F9E /* Base */,
			);
			name = Main.storyboard;
			sourceTree = "<group>";
		};
		69761BC51F6A7A35006A4F9E /* LaunchScreen.storyboard */ = {
			isa = PBXVariantGroup;
			children = (
				69761BC61F6A7A35006A4F9E /* Base */,
			);
			name = LaunchScreen.storyboard;
			sourceTree = "<group>";
		};
/* End PBXVariantGroup section */

/* Begin XCBuildConfiguration section */
		69761BC91F6A7A35006A4F9E /* Debug */ = {
			isa = XCBuildConfiguration;
			buildSettings = {
				ALWAYS_SEARCH_USER_PATHS = NO;
				CLANG_ANALYZER_NONNULL = YES;
				CLANG_ANALYZER_NUMBER_OBJECT_CONVERSION = YES_AGGRESSIVE;
				CLANG_CXX_LANGUAGE_STANDARD = "gnu++0x";
				CLANG_CXX_LIBRARY = "libc++";
				CLANG_ENABLE_MODULES = YES;
				CLANG_ENABLE_OBJC_ARC = YES;
				CLANG_WARN_BOOL_CONVERSION = YES;
				CLANG_WARN_CONSTANT_CONVERSION = YES;
				CLANG_WARN_DIRECT_OBJC_ISA_USAGE = YES_ERROR;
				CLANG_WARN_DOCUMENTATION_COMMENTS = YES;
				CLANG_WARN_EMPTY_BODY = YES;
				CLANG_WARN_ENUM_CONVERSION = YES;
				CLANG_WARN_INFINITE_RECURSION = YES;
				CLANG_WARN_INT_CONVERSION = YES;
				CLANG_WARN_OBJC_ROOT_CLASS = YES_ERROR;
				CLANG_WARN_SUSPICIOUS_MOVE = YES;
				CLANG_WARN_UNREACHABLE_CODE = YES;
				CLANG_WARN__DUPLICATE_METHOD_MATCH = YES;
				"CODE_SIGN_IDENTITY[sdk=iphoneos*]" = "iPhone Developer";
				COPY_PHASE_STRIP = NO;
				DEBUG_INFORMATION_FORMAT = dwarf;
				ENABLE_STRICT_OBJC_MSGSEND = YES;
				ENABLE_TESTABILITY = YES;
				GCC_C_LANGUAGE_STANDARD = gnu99;
				GCC_DYNAMIC_NO_PIC = NO;
				GCC_NO_COMMON_BLOCKS = YES;
				GCC_OPTIMIZATION_LEVEL = 0;
				GCC_PREPROCESSOR_DEFINITIONS = (
					"DEBUG=1",
					"$(inherited)",
				);
				GCC_WARN_64_TO_32_BIT_CONVERSION = YES;
				GCC_WARN_ABOUT_RETURN_TYPE = YES_ERROR;
				GCC_WARN_UNDECLARED_SELECTOR = YES;
				GCC_WARN_UNINITIALIZED_AUTOS = YES_AGGRESSIVE;
				GCC_WARN_UNUSED_FUNCTION = YES;
				GCC_WARN_UNUSED_VARIABLE = YES;
				IPHONEOS_DEPLOYMENT_TARGET = 10.3;
				MTL_ENABLE_DEBUG_INFO = YES;
				ONLY_ACTIVE_ARCH = YES;
				SDKROOT = iphoneos;
				TARGETED_DEVICE_FAMILY = "1,2";
			};
			name = Debug;
		};
		69761BCA1F6A7A35006A4F9E /* Release */ = {
			isa = XCBuildConfiguration;
			buildSettings = {
				ALWAYS_SEARCH_USER_PATHS = NO;
				CLANG_ANALYZER_NONNULL = YES;
				CLANG_ANALYZER_NUMBER_OBJECT_CONVERSION = YES_AGGRESSIVE;
				CLANG_CXX_LANGUAGE_STANDARD = "gnu++0x";
				CLANG_CXX_LIBRARY = "libc++";
				CLANG_ENABLE_MODULES = YES;
				CLANG_ENABLE_OBJC_ARC = YES;
				CLANG_WARN_BOOL_CONVERSION = YES;
				CLANG_WARN_CONSTANT_CONVERSION = YES;
				CLANG_WARN_DIRECT_OBJC_ISA_USAGE = YES_ERROR;
				CLANG_WARN_DOCUMENTATION_COMMENTS = YES;
				CLANG_WARN_EMPTY_BODY = YES;
				CLANG_WARN_ENUM_CONVERSION = YES;
				CLANG_WARN_INFINITE_RECURSION = YES;
				CLANG_WARN_INT_CONVERSION = YES;
				CLANG_WARN_OBJC_ROOT_CLASS = YES_ERROR;
				CLANG_WARN_SUSPICIOUS_MOVE = YES;
				CLANG_WARN_UNREACHABLE_CODE = YES;
				CLANG_WARN__DUPLICATE_METHOD_MATCH = YES;
				"CODE_SIGN_IDENTITY[sdk=iphoneos*]" = "iPhone Developer";
				COPY_PHASE_STRIP = NO;
				DEBUG_INFORMATION_FORMAT = "dwarf-with-dsym";
				ENABLE_NS_ASSERTIONS = NO;
				ENABLE_STRICT_OBJC_MSGSEND = YES;
				GCC_C_LANGUAGE_STANDARD = gnu99;
				GCC_NO_COMMON_BLOCKS = YES;
				GCC_WARN_64_TO_32_BIT_CONVERSION = YES;
				GCC_WARN_ABOUT_RETURN_TYPE = YES_ERROR;
				GCC_WARN_UNDECLARED_SELECTOR = YES;
				GCC_WARN_UNINITIALIZED_AUTOS = YES_AGGRESSIVE;
				GCC_WARN_UNUSED_FUNCTION = YES;
				GCC_WARN_UNUSED_VARIABLE = YES;
				IPHONEOS_DEPLOYMENT_TARGET = 10.3;
				MTL_ENABLE_DEBUG_INFO = NO;
				SDKROOT = iphoneos;
				TARGETED_DEVICE_FAMILY = "1,2";
				VALIDATE_PRODUCT = YES;
			};
			name = Release;
		};
		69761BCC1F6A7A35006A4F9E /* Debug */ = {
			isa = XCBuildConfiguration;
			buildSettings = {
				ASSETCATALOG_COMPILER_APPICON_NAME = AppIcon;
				CLANG_ENABLE_MODULES = YES;
				DEVELOPMENT_TEAM = HUWM54S6A3;
				FRAMEWORK_SEARCH_PATHS = (
					"$(inherited)",
					"$(PROJECT_DIR)/ZXDownLoadDemo/framework",
				);
				HEADER_SEARCH_PATHS = "";
				INFOPLIST_FILE = ZXDownLoadDemo/Info.plist;
				IPHONEOS_DEPLOYMENT_TARGET = 8.0;
				LD_RUNPATH_SEARCH_PATHS = "$(inherited) @executable_path/Frameworks";
				LIBRARY_SEARCH_PATHS = (
					"$(inherited)",
					"$(PROJECT_DIR)/ZXDownLoadDemo/framework",
				);
				PRODUCT_BUNDLE_IDENTIFIER = com.xingx.mytest;
				PRODUCT_NAME = "$(TARGET_NAME)";
				SWIFT_OBJC_BRIDGING_HEADER = "ZXDownLoadDemo/ZXDownLoadDemo-Bridging-Header.h";
				SWIFT_OPTIMIZATION_LEVEL = "-Onone";
				SWIFT_VERSION = 5.0;
				USER_HEADER_SEARCH_PATHS = "";
			};
			name = Debug;
		};
		69761BCD1F6A7A35006A4F9E /* Release */ = {
			isa = XCBuildConfiguration;
			buildSettings = {
				ASSETCATALOG_COMPILER_APPICON_NAME = AppIcon;
				CLANG_ENABLE_MODULES = YES;
				DEVELOPMENT_TEAM = L9VBV3G9NX;
				FRAMEWORK_SEARCH_PATHS = (
					"$(inherited)",
					"$(PROJECT_DIR)/ZXDownLoadDemo/framework",
				);
				HEADER_SEARCH_PATHS = "";
				INFOPLIST_FILE = ZXDownLoadDemo/Info.plist;
				IPHONEOS_DEPLOYMENT_TARGET = 8.0;
				LD_RUNPATH_SEARCH_PATHS = "$(inherited) @executable_path/Frameworks";
				LIBRARY_SEARCH_PATHS = (
					"$(inherited)",
					"$(PROJECT_DIR)/ZXDownLoadDemo/framework",
				);
				PRODUCT_BUNDLE_IDENTIFIER = com.xingx.mytest;
				PRODUCT_NAME = "$(TARGET_NAME)";
				SWIFT_OBJC_BRIDGING_HEADER = "ZXDownLoadDemo/ZXDownLoadDemo-Bridging-Header.h";
				SWIFT_VERSION = 5.0;
				USER_HEADER_SEARCH_PATHS = "";
			};
			name = Release;
		};
/* End XCBuildConfiguration section */

/* Begin XCConfigurationList section */
		69761BAF1F6A7A35006A4F9E /* Build configuration list for PBXProject "ZXDownLoadDemo" */ = {
			isa = XCConfigurationList;
			buildConfigurations = (
				69761BC91F6A7A35006A4F9E /* Debug */,
				69761BCA1F6A7A35006A4F9E /* Release */,
			);
			defaultConfigurationIsVisible = 0;
			defaultConfigurationName = Release;
		};
		69761BCB1F6A7A35006A4F9E /* Build configuration list for PBXNativeTarget "ZXDownLoadDemo" */ = {
			isa = XCConfigurationList;
			buildConfigurations = (
				69761BCC1F6A7A35006A4F9E /* Debug */,
				69761BCD1F6A7A35006A4F9E /* Release */,
			);
			defaultConfigurationIsVisible = 0;
			defaultConfigurationName = Release;
		};
/* End XCConfigurationList section */
	};
	rootObject = 69761BAC1F6A7A35006A4F9E /* Project object */;
}
